// !$*UTF8*$!
{
	archiveVersion = 1;
	classes = {
	};
	objectVersion = 53;
	objects = {

/* Begin PBXBuildFile section */
		7023B5B32497DDBE005164F4 /* Launch Screen.storyboard in Resources */ = {isa = PBXBuildFile; fileRef = 7023B5B22497DDBE005164F4 /* Launch Screen.storyboard */; };
		703C0A7725A4E089003AEA72 /* Assets.xcassets in Resources */ = {isa = PBXBuildFile; fileRef = 703C0A7625A4E089003AEA72 /* Assets.xcassets */; };
		704285F22432BE0600A4ACA1 /* AppDelegate.swift in Sources */ = {isa = PBXBuildFile; fileRef = 704285F12432BE0600A4ACA1 /* AppDelegate.swift */; };
		704285F42432BE0600A4ACA1 /* SceneDelegate.swift in Sources */ = {isa = PBXBuildFile; fileRef = 704285F32432BE0600A4ACA1 /* SceneDelegate.swift */; };
		704285F62432BE0600A4ACA1 /* ContentView.swift in Sources */ = {isa = PBXBuildFile; fileRef = 704285F52432BE0600A4ACA1 /* ContentView.swift */; };
		704285FB2432BE0E00A4ACA1 /* Preview Assets.xcassets in Resources */ = {isa = PBXBuildFile; fileRef = 704285FA2432BE0E00A4ACA1 /* Preview Assets.xcassets */; };
		7053E16E24330A000058AF89 /* DIN Alternate Bold.ttf in Resources */ = {isa = PBXBuildFile; fileRef = 7053E16D24330A000058AF89 /* DIN Alternate Bold.ttf */; };
/* End PBXBuildFile section */

/* Begin PBXFileReference section */
		7023B5B22497DDBE005164F4 /* Launch Screen.storyboard */ = {isa = PBXFileReference; lastKnownFileType = file.storyboard; name = "Launch Screen.storyboard"; path = "GradeCalculatorSwiftUI/Launch Screen.storyboard"; sourceTree = "<group>"; };
		7036207E25033DEB00CBD577 /* GradeCalculator.entitlements */ = {isa = PBXFileReference; lastKnownFileType = text.plist.entitlements; path = GradeCalculator.entitlements; sourceTree = "<group>"; };
		703C0A7625A4E089003AEA72 /* Assets.xcassets */ = {isa = PBXFileReference; lastKnownFileType = folder.assetcatalog; path = Assets.xcassets; sourceTree = "<group>"; };
		704285EE2432BE0600A4ACA1 /* GC.app */ = {isa = PBXFileReference; explicitFileType = wrapper.application; includeInIndex = 0; path = GC.app; sourceTree = BUILT_PRODUCTS_DIR; };
		704285F12432BE0600A4ACA1 /* AppDelegate.swift */ = {isa = PBXFileReference; lastKnownFileType = sourcecode.swift; path = AppDelegate.swift; sourceTree = "<group>"; };
		704285F32432BE0600A4ACA1 /* SceneDelegate.swift */ = {isa = PBXFileReference; lastKnownFileType = sourcecode.swift; path = SceneDelegate.swift; sourceTree = "<group>"; };
		704285F52432BE0600A4ACA1 /* ContentView.swift */ = {isa = PBXFileReference; lastKnownFileType = sourcecode.swift; path = ContentView.swift; sourceTree = "<group>"; };
		704285FA2432BE0E00A4ACA1 /* Preview Assets.xcassets */ = {isa = PBXFileReference; lastKnownFileType = folder.assetcatalog; path = "Preview Assets.xcassets"; sourceTree = "<group>"; };
		704285FF2432BE0E00A4ACA1 /* Info.plist */ = {isa = PBXFileReference; lastKnownFileType = text.plist.xml; path = Info.plist; sourceTree = "<group>"; };
		704A59BC2433299200044A50 /* DIN Alternate Bold.ttf */ = {isa = PBXFileReference; lastKnownFileType = file; path = "DIN Alternate Bold.ttf"; sourceTree = "<group>"; };
		7053E16D24330A000058AF89 /* DIN Alternate Bold.ttf */ = {isa = PBXFileReference; lastKnownFileType = file; path = "DIN Alternate Bold.ttf"; sourceTree = "<group>"; };
/* End PBXFileReference section */

/* Begin PBXFrameworksBuildPhase section */
		704285EB2432BE0600A4ACA1 /* Frameworks */ = {
			isa = PBXFrameworksBuildPhase;
			buildActionMask = 2147483647;
			files = (
			);
			runOnlyForDeploymentPostprocessing = 0;
		};
/* End PBXFrameworksBuildPhase section */

/* Begin PBXGroup section */
		704285E52432BE0600A4ACA1 = {
			isa = PBXGroup;
			children = (
				7023B5B22497DDBE005164F4 /* Launch Screen.storyboard */,
				704285F02432BE0600A4ACA1 /* GradeCalculatorSwiftUI */,
				704285EF2432BE0600A4ACA1 /* Products */,
			);
			sourceTree = "<group>";
		};
		704285EF2432BE0600A4ACA1 /* Products */ = {
			isa = PBXGroup;
			children = (
				704285EE2432BE0600A4ACA1 /* GC.app */,
			);
			name = Products;
			sourceTree = "<group>";
		};
		704285F02432BE0600A4ACA1 /* GradeCalculatorSwiftUI */ = {
			isa = PBXGroup;
			children = (
				7036207E25033DEB00CBD577 /* GradeCalculator.entitlements */,
				704285F52432BE0600A4ACA1 /* ContentView.swift */,
				704285F12432BE0600A4ACA1 /* AppDelegate.swift */,
				704285F32432BE0600A4ACA1 /* SceneDelegate.swift */,
				7053E16C243309580058AF89 /* Font */,
				703C0A7625A4E089003AEA72 /* Assets.xcassets */,
				704285FF2432BE0E00A4ACA1 /* Info.plist */,
				704285F92432BE0E00A4ACA1 /* Preview Content */,
			);
			path = GradeCalculatorSwiftUI;
			sourceTree = "<group>";
		};
		704285F92432BE0E00A4ACA1 /* Preview Content */ = {
			isa = PBXGroup;
			children = (
				704285FA2432BE0E00A4ACA1 /* Preview Assets.xcassets */,
			);
			path = "Preview Content";
			sourceTree = "<group>";
		};
		7053E16C243309580058AF89 /* Font */ = {
			isa = PBXGroup;
			children = (
				704A59BC2433299200044A50 /* DIN Alternate Bold.ttf */,
				7053E16D24330A000058AF89 /* DIN Alternate Bold.ttf */,
			);
			path = Font;
			sourceTree = "<group>";
		};
/* End PBXGroup section */

/* Begin PBXNativeTarget section */
		704285ED2432BE0600A4ACA1 /* GradeCalculatorSwiftUI */ = {
			isa = PBXNativeTarget;
			buildConfigurationList = 704286022432BE0E00A4ACA1 /* Build configuration list for PBXNativeTarget "GradeCalculatorSwiftUI" */;
			buildPhases = (
				704285EA2432BE0600A4ACA1 /* Sources */,
				704285EB2432BE0600A4ACA1 /* Frameworks */,
				704285EC2432BE0600A4ACA1 /* Resources */,
			);
			buildRules = (
			);
			dependencies = (
			);
			name = GradeCalculatorSwiftUI;
			productName = GradeCalculatorSwiftUI;
			productReference = 704285EE2432BE0600A4ACA1 /* GC.app */;
			productType = "com.apple.product-type.application";
		};
/* End PBXNativeTarget section */

/* Begin PBXProject section */
		704285E62432BE0600A4ACA1 /* Project object */ = {
			isa = PBXProject;
			attributes = {
				LastSwiftUpdateCheck = 1140;
				LastUpgradeCheck = 1200;
				ORGANIZATIONNAME = "Josh Daneshrad";
				TargetAttributes = {
					704285ED2432BE0600A4ACA1 = {
						CreatedOnToolsVersion = 11.4;
					};
				};
			};
			buildConfigurationList = 704285E92432BE0600A4ACA1 /* Build configuration list for PBXProject "GradeCalculatorSwiftUI" */;
			compatibilityVersion = "Xcode 11.4";
			developmentRegion = en;
			hasScannedForEncodings = 0;
			knownRegions = (
				en,
				Base,
			);
			mainGroup = 704285E52432BE0600A4ACA1;
			productRefGroup = 704285EF2432BE0600A4ACA1 /* Products */;
			projectDirPath = "";
			projectRoot = "";
			targets = (
				704285ED2432BE0600A4ACA1 /* GradeCalculatorSwiftUI */,
			);
		};
/* End PBXProject section */

/* Begin PBXResourcesBuildPhase section */
		704285EC2432BE0600A4ACA1 /* Resources */ = {
			isa = PBXResourcesBuildPhase;
			buildActionMask = 2147483647;
			files = (
				704285FB2432BE0E00A4ACA1 /* Preview Assets.xcassets in Resources */,
				7053E16E24330A000058AF89 /* DIN Alternate Bold.ttf in Resources */,
				7023B5B32497DDBE005164F4 /* Launch Screen.storyboard in Resources */,
				703C0A7725A4E089003AEA72 /* Assets.xcassets in Resources */,
			);
			runOnlyForDeploymentPostprocessing = 0;
		};
/* End PBXResourcesBuildPhase section */

/* Begin PBXSourcesBuildPhase section */
		704285EA2432BE0600A4ACA1 /* Sources */ = {
			isa = PBXSourcesBuildPhase;
			buildActionMask = 2147483647;
			files = (
				704285F22432BE0600A4ACA1 /* AppDelegate.swift in Sources */,
				704285F42432BE0600A4ACA1 /* SceneDelegate.swift in Sources */,
				704285F62432BE0600A4ACA1 /* ContentView.swift in Sources */,
			);
			runOnlyForDeploymentPostprocessing = 0;
		};
/* End PBXSourcesBuildPhase section */

/* Begin XCBuildConfiguration section */
		704286002432BE0E00A4ACA1 /* Debug */ = {
			isa = XCBuildConfiguration;
			buildSettings = {
				ALWAYS_SEARCH_USER_PATHS = NO;
				CLANG_ANALYZER_NONNULL = YES;
				CLANG_ANALYZER_NUMBER_OBJECT_CONVERSION = YES_AGGRESSIVE;
				CLANG_CXX_LANGUAGE_STANDARD = "gnu++14";
				CLANG_CXX_LIBRARY = "libc++";
				CLANG_ENABLE_MODULES = YES;
				CLANG_ENABLE_OBJC_ARC = YES;
				CLANG_ENABLE_OBJC_WEAK = YES;
				CLANG_WARN_BLOCK_CAPTURE_AUTORELEASING = YES;
				CLANG_WARN_BOOL_CONVERSION = YES;
				CLANG_WARN_COMMA = YES;
				CLANG_WARN_CONSTANT_CONVERSION = YES;
				CLANG_WARN_DEPRECATED_OBJC_IMPLEMENTATIONS = YES;
				CLANG_WARN_DIRECT_OBJC_ISA_USAGE = YES_ERROR;
				CLANG_WARN_DOCUMENTATION_COMMENTS = YES;
				CLANG_WARN_EMPTY_BODY = YES;
				CLANG_WARN_ENUM_CONVERSION = YES;
				CLANG_WARN_INFINITE_RECURSION = YES;
				CLANG_WARN_INT_CONVERSION = YES;
				CLANG_WARN_NON_LITERAL_NULL_CONVERSION = YES;
				CLANG_WARN_OBJC_IMPLICIT_RETAIN_SELF = YES;
				CLANG_WARN_OBJC_LITERAL_CONVERSION = YES;
				CLANG_WARN_OBJC_ROOT_CLASS = YES_ERROR;
				CLANG_WARN_QUOTED_INCLUDE_IN_FRAMEWORK_HEADER = YES;
				CLANG_WARN_RANGE_LOOP_ANALYSIS = YES;
				CLANG_WARN_STRICT_PROTOTYPES = YES;
				CLANG_WARN_SUSPICIOUS_MOVE = YES;
				CLANG_WARN_UNGUARDED_AVAILABILITY = YES_AGGRESSIVE;
				CLANG_WARN_UNREACHABLE_CODE = YES;
				CLANG_WARN__DUPLICATE_METHOD_MATCH = YES;
				CODE_SIGN_IDENTITY = "iPhone Developer";
				"CODE_SIGN_IDENTITY[sdk=*]" = "iPhone Developer";
				COPY_PHASE_STRIP = NO;
				DEBUG_INFORMATION_FORMAT = dwarf;
				ENABLE_STRICT_OBJC_MSGSEND = YES;
				ENABLE_TESTABILITY = YES;
				GCC_C_LANGUAGE_STANDARD = gnu11;
				GCC_DYNAMIC_NO_PIC = NO;
				GCC_NO_COMMON_BLOCKS = YES;
				GCC_OPTIMIZATION_LEVEL = 0;
				GCC_PREPROCESSOR_DEFINITIONS = (
					"DEBUG=1",
					"$(inherited)",
				);
				GCC_WARN_64_TO_32_BIT_CONVERSION = YES;
				GCC_WARN_ABOUT_RETURN_TYPE = YES_ERROR;
				GCC_WARN_UNDECLARED_SELECTOR = YES;
				GCC_WARN_UNINITIALIZED_AUTOS = YES_AGGRESSIVE;
				GCC_WARN_UNUSED_FUNCTION = YES;
				GCC_WARN_UNUSED_VARIABLE = YES;
				IPHONEOS_DEPLOYMENT_TARGET = 14.0;
				MTL_ENABLE_DEBUG_INFO = INCLUDE_SOURCE;
				MTL_FAST_MATH = YES;
				ONLY_ACTIVE_ARCH = YES;
				SDKROOT = iphoneos;
				SWIFT_ACTIVE_COMPILATION_CONDITIONS = DEBUG;
				SWIFT_OPTIMIZATION_LEVEL = "-Onone";
			};
			name = Debug;
		};
		704286012432BE0E00A4ACA1 /* Release */ = {
			isa = XCBuildConfiguration;
			buildSettings = {
				ALWAYS_SEARCH_USER_PATHS = NO;
				CLANG_ANALYZER_NONNULL = YES;
				CLANG_ANALYZER_NUMBER_OBJECT_CONVERSION = YES_AGGRESSIVE;
				CLANG_CXX_LANGUAGE_STANDARD = "gnu++14";
				CLANG_CXX_LIBRARY = "libc++";
				CLANG_ENABLE_MODULES = YES;
				CLANG_ENABLE_OBJC_ARC = YES;
				CLANG_ENABLE_OBJC_WEAK = YES;
				CLANG_WARN_BLOCK_CAPTURE_AUTORELEASING = YES;
				CLANG_WARN_BOOL_CONVERSION = YES;
				CLANG_WARN_COMMA = YES;
				CLANG_WARN_CONSTANT_CONVERSION = YES;
				CLANG_WARN_DEPRECATED_OBJC_IMPLEMENTATIONS = YES;
				CLANG_WARN_DIRECT_OBJC_ISA_USAGE = YES_ERROR;
				CLANG_WARN_DOCUMENTATION_COMMENTS = YES;
				CLANG_WARN_EMPTY_BODY = YES;
				CLANG_WARN_ENUM_CONVERSION = YES;
				CLANG_WARN_INFINITE_RECURSION = YES;
				CLANG_WARN_INT_CONVERSION = YES;
				CLANG_WARN_NON_LITERAL_NULL_CONVERSION = YES;
				CLANG_WARN_OBJC_IMPLICIT_RETAIN_SELF = YES;
				CLANG_WARN_OBJC_LITERAL_CONVERSION = YES;
				CLANG_WARN_OBJC_ROOT_CLASS = YES_ERROR;
				CLANG_WARN_QUOTED_INCLUDE_IN_FRAMEWORK_HEADER = YES;
				CLANG_WARN_RANGE_LOOP_ANALYSIS = YES;
				CLANG_WARN_STRICT_PROTOTYPES = YES;
				CLANG_WARN_SUSPICIOUS_MOVE = YES;
				CLANG_WARN_UNGUARDED_AVAILABILITY = YES_AGGRESSIVE;
				CLANG_WARN_UNREACHABLE_CODE = YES;
				CLANG_WARN__DUPLICATE_METHOD_MATCH = YES;
				CODE_SIGN_IDENTITY = "iPhone Developer";
				"CODE_SIGN_IDENTITY[sdk=*]" = "iPhone Developer";
				COPY_PHASE_STRIP = NO;
				DEBUG_INFORMATION_FORMAT = "dwarf-with-dsym";
				ENABLE_NS_ASSERTIONS = NO;
				ENABLE_STRICT_OBJC_MSGSEND = YES;
				GCC_C_LANGUAGE_STANDARD = gnu11;
				GCC_NO_COMMON_BLOCKS = YES;
				GCC_WARN_64_TO_32_BIT_CONVERSION = YES;
				GCC_WARN_ABOUT_RETURN_TYPE = YES_ERROR;
				GCC_WARN_UNDECLARED_SELECTOR = YES;
				GCC_WARN_UNINITIALIZED_AUTOS = YES_AGGRESSIVE;
				GCC_WARN_UNUSED_FUNCTION = YES;
				GCC_WARN_UNUSED_VARIABLE = YES;
				IPHONEOS_DEPLOYMENT_TARGET = 14.0;
				MTL_ENABLE_DEBUG_INFO = NO;
				MTL_FAST_MATH = YES;
				SDKROOT = iphoneos;
				SWIFT_COMPILATION_MODE = wholemodule;
				SWIFT_OPTIMIZATION_LEVEL = "-O";
				VALIDATE_PRODUCT = YES;
			};
			name = Release;
		};
		704286032432BE0E00A4ACA1 /* Debug */ = {
			isa = XCBuildConfiguration;
			buildSettings = {
				ASSETCATALOG_COMPILER_APPICON_NAME = AppIcon;
				CODE_SIGN_ENTITLEMENTS = GradeCalculatorSwiftUI/GradeCalculator.entitlements;
				CODE_SIGN_IDENTITY = "Apple Development";
				CODE_SIGN_STYLE = Automatic;
				CURRENT_PROJECT_VERSION = 8;
				DEVELOPMENT_ASSET_PATHS = "\"GradeCalculatorSwiftUI/Preview Content\"";
				DEVELOPMENT_TEAM = A72ZC8AJ5X;
				ENABLE_PREVIEWS = YES;
				INFOPLIST_FILE = GradeCalculatorSwiftUI/Info.plist;
				IPHONEOS_DEPLOYMENT_TARGET = 13.0;
				LD_RUNPATH_SEARCH_PATHS = (
					"$(inherited)",
					"@executable_path/Frameworks",
				);
				MARKETING_VERSION = 1.0.0;
				PRODUCT_BUNDLE_IDENTIFIER = com.jawshoeadan.GradeCalculator;
				PRODUCT_NAME = GC;
				PROVISIONING_PROFILE_SPECIFIER = "";
				SWIFT_VERSION = 5.0;
				TARGETED_DEVICE_FAMILY = 1;
			};
			name = Debug;
		};
		704286042432BE0E00A4ACA1 /* Release */ = {
			isa = XCBuildConfiguration;
			buildSettings = {
				ASSETCATALOG_COMPILER_APPICON_NAME = AppIcon;
				CODE_SIGN_ENTITLEMENTS = GradeCalculatorSwiftUI/GradeCalculator.entitlements;
				CODE_SIGN_IDENTITY = "Apple Development";
				CODE_SIGN_STYLE = Automatic;
				CURRENT_PROJECT_VERSION = 8;
				DEVELOPMENT_ASSET_PATHS = "\"GradeCalculatorSwiftUI/Preview Content\"";
				DEVELOPMENT_TEAM = A72ZC8AJ5X;
				ENABLE_PREVIEWS = YES;
				INFOPLIST_FILE = GradeCalculatorSwiftUI/Info.plist;
				IPHONEOS_DEPLOYMENT_TARGET = 13.0;
				LD_RUNPATH_SEARCH_PATHS = (
					"$(inherited)",
					"@executable_path/Frameworks",
				);
				MARKETING_VERSION = 1.0.0;
				PRODUCT_BUNDLE_IDENTIFIER = com.jawshoeadan.GradeCalculator;
				PRODUCT_NAME = GC;
				PROVISIONING_PROFILE_SPECIFIER = "";
				SWIFT_VERSION = 5.0;
				TARGETED_DEVICE_FAMILY = 1;
			};
			name = Release;
		};
/* End XCBuildConfiguration section */

/* Begin XCConfigurationList section */
		704285E92432BE0600A4ACA1 /* Build configuration list for PBXProject "GradeCalculatorSwiftUI" */ = {
			isa = XCConfigurationList;
			buildConfigurations = (
				704286002432BE0E00A4ACA1 /* Debug */,
				704286012432BE0E00A4ACA1 /* Release */,
			);
			defaultConfigurationIsVisible = 0;
			defaultConfigurationName = Release;
		};
		704286022432BE0E00A4ACA1 /* Build configuration list for PBXNativeTarget "GradeCalculatorSwiftUI" */ = {
			isa = XCConfigurationList;
			buildConfigurations = (
				704286032432BE0E00A4ACA1 /* Debug */,
				704286042432BE0E00A4ACA1 /* Release */,
			);
			defaultConfigurationIsVisible = 0;
			defaultConfigurationName = Release;
		};
/* End XCConfigurationList section */
	};
	rootObject = 704285E62432BE0600A4ACA1 /* Project object */;
}
